#MicroXplorer Configuration settings - do not modify
ADC1.Channel-0\#ChannelRegularConversion=ADC_CHANNEL_TEMPSENSOR
ADC1.Channel-1\#ChannelRegularConversion=ADC_CHANNEL_VBAT
ADC1.Channel-6\#ChannelRegularConversion=ADC_CHANNEL_VREFINT
ADC1.Channel-7\#ChannelRegularConversion=ADC_CHANNEL_2
ADC1.ClockPrescaler=ADC_CLOCK_SYNC_PCLK_DIV4
ADC1.EOCSelection=ADC_EOC_SEQ_CONV
ADC1.ExternalTrigConv=ADC_EXTERNALTRIG_T15_TRGO
ADC1.IPParameters=Rank-0\#ChannelRegularConversion,Channel-0\#ChannelRegularConversion,SamplingTime-0\#ChannelRegularConversion,OffsetNumber-0\#ChannelRegularConversion,NbrOfConversionFlag,master,ClockPrescaler,Rank-1\#ChannelRegularConversion,Channel-1\#ChannelRegularConversion,SamplingTime-1\#ChannelRegularConversion,OffsetNumber-1\#ChannelRegularConversion,NbrOfConversion,OversamplingMode,EOCSelection,Overrun,Rank-6\#ChannelRegularConversion,Channel-6\#ChannelRegularConversion,SamplingTime-6\#ChannelRegularConversion,OffsetNumber-6\#ChannelRegularConversion,Rank-7\#ChannelRegularConversion,Channel-7\#ChannelRegularConversion,SamplingTime-7\#ChannelRegularConversion,OffsetNumber-7\#ChannelRegularConversion,ExternalTrigConv
ADC1.NbrOfConversion=4
ADC1.NbrOfConversionFlag=1
ADC1.OffsetNumber-0\#ChannelRegularConversion=ADC_OFFSET_NONE
ADC1.OffsetNumber-1\#ChannelRegularConversion=ADC_OFFSET_NONE
ADC1.OffsetNumber-6\#ChannelRegularConversion=ADC_OFFSET_NONE
ADC1.OffsetNumber-7\#ChannelRegularConversion=ADC_OFFSET_NONE
ADC1.Overrun=ADC_OVR_DATA_OVERWRITTEN
ADC1.OversamplingMode=DISABLE
ADC1.Rank-0\#ChannelRegularConversion=1
ADC1.Rank-1\#ChannelRegularConversion=2
ADC1.Rank-6\#ChannelRegularConversion=3
ADC1.Rank-7\#ChannelRegularConversion=4
ADC1.SamplingTime-0\#ChannelRegularConversion=ADC_SAMPLETIME_2CYCLES_5
ADC1.SamplingTime-1\#ChannelRegularConversion=ADC_SAMPLETIME_2CYCLES_5
ADC1.SamplingTime-6\#ChannelRegularConversion=ADC_SAMPLETIME_2CYCLES_5
ADC1.SamplingTime-7\#ChannelRegularConversion=ADC_SAMPLETIME_2CYCLES_5
ADC1.master=1
ARM.CMSIS.5.6.0.CMSISJjCORE=true
ARM.CMSIS.5.6.0.CMSISJjCORE.apiComponent0=Device\:IRQ Controller
ARM.CMSIS.5.6.0.CMSISJjCORE.apiComponent1=Device\:OS Tick
ARM.CMSIS.5.6.0.CMSISJjCORE.apiComponent10=CMSIS Driver\:SAI
ARM.CMSIS.5.6.0.CMSISJjCORE.apiComponent11=CMSIS Driver\:I2C
ARM.CMSIS.5.6.0.CMSISJjCORE.apiComponent12=CMSIS Driver\:I2C
ARM.CMSIS.5.6.0.CMSISJjCORE.apiComponent13=CMSIS Driver\:CAN
ARM.CMSIS.5.6.0.CMSISJjCORE.apiComponent14=CMSIS Driver\:CAN
ARM.CMSIS.5.6.0.CMSISJjCORE.apiComponent15=CMSIS Driver\:Flash
ARM.CMSIS.5.6.0.CMSISJjCORE.apiComponent16=CMSIS Driver\:Flash
ARM.CMSIS.5.6.0.CMSISJjCORE.apiComponent17=CMSIS Driver\:MCI
ARM.CMSIS.5.6.0.CMSISJjCORE.apiComponent18=CMSIS Driver\:MCI
ARM.CMSIS.5.6.0.CMSISJjCORE.apiComponent19=CMSIS Driver\:NAND
ARM.CMSIS.5.6.0.CMSISJjCORE.apiComponent2=CMSIS\:RTOS
ARM.CMSIS.5.6.0.CMSISJjCORE.apiComponent20=CMSIS Driver\:NAND
ARM.CMSIS.5.6.0.CMSISJjCORE.apiComponent21=CMSIS Driver\:Ethernet
ARM.CMSIS.5.6.0.CMSISJjCORE.apiComponent22=CMSIS Driver\:Ethernet
ARM.CMSIS.5.6.0.CMSISJjCORE.apiComponent23=CMSIS Driver\:Ethernet
ARM.CMSIS.5.6.0.CMSISJjCORE.apiComponent24=CMSIS Driver\:Ethernet MAC
ARM.CMSIS.5.6.0.CMSISJjCORE.apiComponent25=CMSIS Driver\:Ethernet MAC
ARM.CMSIS.5.6.0.CMSISJjCORE.apiComponent26=CMSIS Driver\:Ethernet PHY
ARM.CMSIS.5.6.0.CMSISJjCORE.apiComponent27=CMSIS Driver\:Ethernet PHY
ARM.CMSIS.5.6.0.CMSISJjCORE.apiComponent28=CMSIS Driver\:USB Device
ARM.CMSIS.5.6.0.CMSISJjCORE.apiComponent29=CMSIS Driver\:USB Device
ARM.CMSIS.5.6.0.CMSISJjCORE.apiComponent3=CMSIS\:RTOS2
ARM.CMSIS.5.6.0.CMSISJjCORE.apiComponent30=CMSIS Driver\:USB Host
ARM.CMSIS.5.6.0.CMSISJjCORE.apiComponent31=CMSIS Driver\:USB Host
ARM.CMSIS.5.6.0.CMSISJjCORE.apiComponent32=CMSIS Driver\:WiFi
ARM.CMSIS.5.6.0.CMSISJjCORE.apiComponent33=CMSIS Driver\:WiFi
ARM.CMSIS.5.6.0.CMSISJjCORE.apiComponent4=CMSIS\:RTOS2
ARM.CMSIS.5.6.0.CMSISJjCORE.apiComponent5=CMSIS Driver\:USART
ARM.CMSIS.5.6.0.CMSISJjCORE.apiComponent6=CMSIS Driver\:USART
ARM.CMSIS.5.6.0.CMSISJjCORE.apiComponent7=CMSIS Driver\:SPI
ARM.CMSIS.5.6.0.CMSISJjCORE.apiComponent8=CMSIS Driver\:SPI
ARM.CMSIS.5.6.0.CMSISJjCORE.apiComponent9=CMSIS Driver\:SAI
ARM.CMSIS.5.6.0.CMSISJjCORE.apiDoc0=CMSIS/Core_A/Include/irq_ctrl.h
ARM.CMSIS.5.6.0.CMSISJjCORE.apiDoc1=CMSIS/RTOS2/Include/os_tick.h
ARM.CMSIS.5.6.0.CMSISJjCORE.apiDoc10=CMSIS/Driver/Include/Driver_SAI.h
ARM.CMSIS.5.6.0.CMSISJjCORE.apiDoc11=CMSIS/Documentation/Driver/html/group__i2c__interface__gr.html
ARM.CMSIS.5.6.0.CMSISJjCORE.apiDoc12=CMSIS/Driver/Include/Driver_I2C.h
ARM.CMSIS.5.6.0.CMSISJjCORE.apiDoc13=CMSIS/Documentation/Driver/html/group__can__interface__gr.html
ARM.CMSIS.5.6.0.CMSISJjCORE.apiDoc14=CMSIS/Driver/Include/Driver_CAN.h
ARM.CMSIS.5.6.0.CMSISJjCORE.apiDoc15=CMSIS/Documentation/Driver/html/group__flash__interface__gr.html
ARM.CMSIS.5.6.0.CMSISJjCORE.apiDoc16=CMSIS/Driver/Include/Driver_Flash.h
ARM.CMSIS.5.6.0.CMSISJjCORE.apiDoc17=CMSIS/Documentation/Driver/html/group__mci__interface__gr.html
ARM.CMSIS.5.6.0.CMSISJjCORE.apiDoc18=CMSIS/Driver/Include/Driver_MCI.h
ARM.CMSIS.5.6.0.CMSISJjCORE.apiDoc19=CMSIS/Documentation/Driver/html/group__nand__interface__gr.html
ARM.CMSIS.5.6.0.CMSISJjCORE.apiDoc2=CMSIS/Documentation/RTOS/html/index.html
ARM.CMSIS.5.6.0.CMSISJjCORE.apiDoc20=CMSIS/Driver/Include/Driver_NAND.h
ARM.CMSIS.5.6.0.CMSISJjCORE.apiDoc21=CMSIS/Documentation/Driver/html/group__eth__interface__gr.html
ARM.CMSIS.5.6.0.CMSISJjCORE.apiDoc22=CMSIS/Driver/Include/Driver_ETH_MAC.h
ARM.CMSIS.5.6.0.CMSISJjCORE.apiDoc23=CMSIS/Driver/Include/Driver_ETH_PHY.h
ARM.CMSIS.5.6.0.CMSISJjCORE.apiDoc24=CMSIS/Documentation/Driver/html/group__eth__mac__interface__gr.html
ARM.CMSIS.5.6.0.CMSISJjCORE.apiDoc25=CMSIS/Driver/Include/Driver_ETH_MAC.h
ARM.CMSIS.5.6.0.CMSISJjCORE.apiDoc26=CMSIS/Documentation/Driver/html/group__eth__phy__interface__gr.html
ARM.CMSIS.5.6.0.CMSISJjCORE.apiDoc27=CMSIS/Driver/Include/Driver_ETH_PHY.h
ARM.CMSIS.5.6.0.CMSISJjCORE.apiDoc28=CMSIS/Documentation/Driver/html/group__usbd__interface__gr.html
ARM.CMSIS.5.6.0.CMSISJjCORE.apiDoc29=CMSIS/Driver/Include/Driver_USBD.h
ARM.CMSIS.5.6.0.CMSISJjCORE.apiDoc3=CMSIS/Documentation/RTOS2/html/index.html
ARM.CMSIS.5.6.0.CMSISJjCORE.apiDoc30=CMSIS/Documentation/Driver/html/group__usbh__interface__gr.html
ARM.CMSIS.5.6.0.CMSISJjCORE.apiDoc31=CMSIS/Driver/Include/Driver_USBH.h
ARM.CMSIS.5.6.0.CMSISJjCORE.apiDoc32=CMSIS/Documentation/Driver/html/group__wifi__interface__gr.html
ARM.CMSIS.5.6.0.CMSISJjCORE.apiDoc33=CMSIS/Driver/Include/Driver_WiFi.h
ARM.CMSIS.5.6.0.CMSISJjCORE.apiDoc4=CMSIS/RTOS2/Include/cmsis_os2.h
ARM.CMSIS.5.6.0.CMSISJjCORE.apiDoc5=CMSIS/Documentation/Driver/html/group__usart__interface__gr.html
ARM.CMSIS.5.6.0.CMSISJjCORE.apiDoc6=CMSIS/Driver/Include/Driver_USART.h
ARM.CMSIS.5.6.0.CMSISJjCORE.apiDoc7=CMSIS/Documentation/Driver/html/group__spi__interface__gr.html
ARM.CMSIS.5.6.0.CMSISJjCORE.apiDoc8=CMSIS/Driver/Include/Driver_SPI.h
ARM.CMSIS.5.6.0.CMSISJjCORE.apiDoc9=CMSIS/Documentation/Driver/html/group__sai__interface__gr.html
ARM.CMSIS.5.6.0.CMSISJjCORE.cmp_version0=5.3.0
ARM.CMSIS.5.6.0.CMSISJjCORE.cmp_version1=1.7.0
ARM.CMSIS.5.6.0.CMSISJjCORE.cmp_version2=1.2.0
ARM.CMSIS.5.6.0.CMSISJjCORE.component0=CMSIS
ARM.CMSIS.5.6.0.CMSISJjCORE.component1=CMSIS
ARM.CMSIS.5.6.0.CMSISJjCORE.component2=CMSIS
ARM.CMSIS.5.6.0.CMSISJjCORE.componentDoc0=CMSIS/Documentation/Core/html/index.html
ARM.CMSIS.5.6.0.CMSISJjCORE.componentDoc1=CMSIS/Documentation/DSP/html/index.html
ARM.CMSIS.5.6.0.CMSISJjCORE.componentDoc2=CMSIS/Documentation/NN/html/index.html
ARM.CMSIS.5.6.0.CMSISJjCORE.description0=CMSIS-CORE for Cortex-M, SC000, SC300, ARMv8-M, ARMv8.1-M
ARM.CMSIS.5.6.0.CMSISJjCORE.description1=CMSIS-DSP Library for Cortex-M, SC000, and SC300
ARM.CMSIS.5.6.0.CMSISJjCORE.description2=CMSIS-NN Neural Network Library
ARM.CMSIS.5.6.0.CMSISJjCORE.diagnostic0=This component should operate correctly.
ARM.CMSIS.5.6.0.CMSISJjCORE.diagnostic1=This component should operate correctly.
ARM.CMSIS.5.6.0.CMSISJjCORE.diagnostic2=This component should operate correctly.
ARM.CMSIS.5.6.0.CMSISJjCORE.group0=CORE
ARM.CMSIS.5.6.0.CMSISJjCORE.group1=DSP
ARM.CMSIS.5.6.0.CMSISJjCORE.group2=NN Lib
ARM.CMSIS.5.6.0.CMSISJjCORE.paramName0=CMSISJjCORE
ARM.CMSIS.5.6.0.CMSISJjCORE.paramName1=CMSISJjDSP
ARM.CMSIS.5.6.0.CMSISJjCORE.paramName2=CMSISJjNNOoLib
ARM.CMSIS.5.6.0.CMSISJjCORE.sevirity0=none
ARM.CMSIS.5.6.0.CMSISJjCORE.sevirity1=none
ARM.CMSIS.5.6.0.CMSISJjCORE.sevirity2=none
ARM.CMSIS.5.6.0.CMSISJjCORE.variant1=Source
ARM.CMSIS.5.6.0.CMSISJjCORE_apiSize=34
ARM.CMSIS.5.6.0.CMSISJjCORE_bundle=CMSIS
ARM.CMSIS.5.6.0.CMSISJjCORE_class=CMSIS
ARM.CMSIS.5.6.0.CMSISJjCORE_name=CMSIS
ARM.CMSIS.5.6.0.CMSISJjCORE_size=3
ARM.CMSIS.5.6.0.CMSISJjCORE_vendor=ARM
ARM.CMSIS.5.6.0.CMSISJjCORE_version=5.6.0
ARM.CMSIS.5.6.0.CMSISJjDSP=Source
ARM.CMSIS.5.6.0.CMSISJjDSP.apiComponent0=Device\:IRQ Controller
ARM.CMSIS.5.6.0.CMSISJjDSP.apiComponent1=Device\:OS Tick
ARM.CMSIS.5.6.0.CMSISJjDSP.apiComponent10=CMSIS Driver\:SAI
ARM.CMSIS.5.6.0.CMSISJjDSP.apiComponent11=CMSIS Driver\:I2C
ARM.CMSIS.5.6.0.CMSISJjDSP.apiComponent12=CMSIS Driver\:I2C
ARM.CMSIS.5.6.0.CMSISJjDSP.apiComponent13=CMSIS Driver\:CAN
ARM.CMSIS.5.6.0.CMSISJjDSP.apiComponent14=CMSIS Driver\:CAN
ARM.CMSIS.5.6.0.CMSISJjDSP.apiComponent15=CMSIS Driver\:Flash
ARM.CMSIS.5.6.0.CMSISJjDSP.apiComponent16=CMSIS Driver\:Flash
ARM.CMSIS.5.6.0.CMSISJjDSP.apiComponent17=CMSIS Driver\:MCI
ARM.CMSIS.5.6.0.CMSISJjDSP.apiComponent18=CMSIS Driver\:MCI
ARM.CMSIS.5.6.0.CMSISJjDSP.apiComponent19=CMSIS Driver\:NAND
ARM.CMSIS.5.6.0.CMSISJjDSP.apiComponent2=CMSIS\:RTOS
ARM.CMSIS.5.6.0.CMSISJjDSP.apiComponent20=CMSIS Driver\:NAND
ARM.CMSIS.5.6.0.CMSISJjDSP.apiComponent21=CMSIS Driver\:Ethernet
ARM.CMSIS.5.6.0.CMSISJjDSP.apiComponent22=CMSIS Driver\:Ethernet
ARM.CMSIS.5.6.0.CMSISJjDSP.apiComponent23=CMSIS Driver\:Ethernet
ARM.CMSIS.5.6.0.CMSISJjDSP.apiComponent24=CMSIS Driver\:Ethernet MAC
ARM.CMSIS.5.6.0.CMSISJjDSP.apiComponent25=CMSIS Driver\:Ethernet MAC
ARM.CMSIS.5.6.0.CMSISJjDSP.apiComponent26=CMSIS Driver\:Ethernet PHY
ARM.CMSIS.5.6.0.CMSISJjDSP.apiComponent27=CMSIS Driver\:Ethernet PHY
ARM.CMSIS.5.6.0.CMSISJjDSP.apiComponent28=CMSIS Driver\:USB Device
ARM.CMSIS.5.6.0.CMSISJjDSP.apiComponent29=CMSIS Driver\:USB Device
ARM.CMSIS.5.6.0.CMSISJjDSP.apiComponent3=CMSIS\:RTOS2
ARM.CMSIS.5.6.0.CMSISJjDSP.apiComponent30=CMSIS Driver\:USB Host
ARM.CMSIS.5.6.0.CMSISJjDSP.apiComponent31=CMSIS Driver\:USB Host
ARM.CMSIS.5.6.0.CMSISJjDSP.apiComponent32=CMSIS Driver\:WiFi
ARM.CMSIS.5.6.0.CMSISJjDSP.apiComponent33=CMSIS Driver\:WiFi
ARM.CMSIS.5.6.0.CMSISJjDSP.apiComponent4=CMSIS\:RTOS2
ARM.CMSIS.5.6.0.CMSISJjDSP.apiComponent5=CMSIS Driver\:USART
ARM.CMSIS.5.6.0.CMSISJjDSP.apiComponent6=CMSIS Driver\:USART
ARM.CMSIS.5.6.0.CMSISJjDSP.apiComponent7=CMSIS Driver\:SPI
ARM.CMSIS.5.6.0.CMSISJjDSP.apiComponent8=CMSIS Driver\:SPI
ARM.CMSIS.5.6.0.CMSISJjDSP.apiComponent9=CMSIS Driver\:SAI
ARM.CMSIS.5.6.0.CMSISJjDSP.apiDoc0=CMSIS/Core_A/Include/irq_ctrl.h
ARM.CMSIS.5.6.0.CMSISJjDSP.apiDoc1=CMSIS/RTOS2/Include/os_tick.h
ARM.CMSIS.5.6.0.CMSISJjDSP.apiDoc10=CMSIS/Driver/Include/Driver_SAI.h
ARM.CMSIS.5.6.0.CMSISJjDSP.apiDoc11=CMSIS/Documentation/Driver/html/group__i2c__interface__gr.html
ARM.CMSIS.5.6.0.CMSISJjDSP.apiDoc12=CMSIS/Driver/Include/Driver_I2C.h
ARM.CMSIS.5.6.0.CMSISJjDSP.apiDoc13=CMSIS/Documentation/Driver/html/group__can__interface__gr.html
ARM.CMSIS.5.6.0.CMSISJjDSP.apiDoc14=CMSIS/Driver/Include/Driver_CAN.h
ARM.CMSIS.5.6.0.CMSISJjDSP.apiDoc15=CMSIS/Documentation/Driver/html/group__flash__interface__gr.html
ARM.CMSIS.5.6.0.CMSISJjDSP.apiDoc16=CMSIS/Driver/Include/Driver_Flash.h
ARM.CMSIS.5.6.0.CMSISJjDSP.apiDoc17=CMSIS/Documentation/Driver/html/group__mci__interface__gr.html
ARM.CMSIS.5.6.0.CMSISJjDSP.apiDoc18=CMSIS/Driver/Include/Driver_MCI.h
ARM.CMSIS.5.6.0.CMSISJjDSP.apiDoc19=CMSIS/Documentation/Driver/html/group__nand__interface__gr.html
ARM.CMSIS.5.6.0.CMSISJjDSP.apiDoc2=CMSIS/Documentation/RTOS/html/index.html
ARM.CMSIS.5.6.0.CMSISJjDSP.apiDoc20=CMSIS/Driver/Include/Driver_NAND.h
ARM.CMSIS.5.6.0.CMSISJjDSP.apiDoc21=CMSIS/Documentation/Driver/html/group__eth__interface__gr.html
ARM.CMSIS.5.6.0.CMSISJjDSP.apiDoc22=CMSIS/Driver/Include/Driver_ETH_MAC.h
ARM.CMSIS.5.6.0.CMSISJjDSP.apiDoc23=CMSIS/Driver/Include/Driver_ETH_PHY.h
ARM.CMSIS.5.6.0.CMSISJjDSP.apiDoc24=CMSIS/Documentation/Driver/html/group__eth__mac__interface__gr.html
ARM.CMSIS.5.6.0.CMSISJjDSP.apiDoc25=CMSIS/Driver/Include/Driver_ETH_MAC.h
ARM.CMSIS.5.6.0.CMSISJjDSP.apiDoc26=CMSIS/Documentation/Driver/html/group__eth__phy__interface__gr.html
ARM.CMSIS.5.6.0.CMSISJjDSP.apiDoc27=CMSIS/Driver/Include/Driver_ETH_PHY.h
ARM.CMSIS.5.6.0.CMSISJjDSP.apiDoc28=CMSIS/Documentation/Driver/html/group__usbd__interface__gr.html
ARM.CMSIS.5.6.0.CMSISJjDSP.apiDoc29=CMSIS/Driver/Include/Driver_USBD.h
ARM.CMSIS.5.6.0.CMSISJjDSP.apiDoc3=CMSIS/Documentation/RTOS2/html/index.html
ARM.CMSIS.5.6.0.CMSISJjDSP.apiDoc30=CMSIS/Documentation/Driver/html/group__usbh__interface__gr.html
ARM.CMSIS.5.6.0.CMSISJjDSP.apiDoc31=CMSIS/Driver/Include/Driver_USBH.h
ARM.CMSIS.5.6.0.CMSISJjDSP.apiDoc32=CMSIS/Documentation/Driver/html/group__wifi__interface__gr.html
ARM.CMSIS.5.6.0.CMSISJjDSP.apiDoc33=CMSIS/Driver/Include/Driver_WiFi.h
ARM.CMSIS.5.6.0.CMSISJjDSP.apiDoc4=CMSIS/RTOS2/Include/cmsis_os2.h
ARM.CMSIS.5.6.0.CMSISJjDSP.apiDoc5=CMSIS/Documentation/Driver/html/group__usart__interface__gr.html
ARM.CMSIS.5.6.0.CMSISJjDSP.apiDoc6=CMSIS/Driver/Include/Driver_USART.h
ARM.CMSIS.5.6.0.CMSISJjDSP.apiDoc7=CMSIS/Documentation/Driver/html/group__spi__interface__gr.html
ARM.CMSIS.5.6.0.CMSISJjDSP.apiDoc8=CMSIS/Driver/Include/Driver_SPI.h
ARM.CMSIS.5.6.0.CMSISJjDSP.apiDoc9=CMSIS/Documentation/Driver/html/group__sai__interface__gr.html
ARM.CMSIS.5.6.0.CMSISJjDSP.cmp_version0=1.7.0
ARM.CMSIS.5.6.0.CMSISJjDSP.component0=CMSIS
ARM.CMSIS.5.6.0.CMSISJjDSP.componentDoc0=CMSIS/Documentation/DSP/html/index.html
ARM.CMSIS.5.6.0.CMSISJjDSP.description0=CMSIS-DSP Library for Cortex-M, SC000, and SC300
ARM.CMSIS.5.6.0.CMSISJjDSP.diagnostic0=This component should operate correctly.
ARM.CMSIS.5.6.0.CMSISJjDSP.group0=DSP
ARM.CMSIS.5.6.0.CMSISJjDSP.paramName0=CMSISJjDSP
ARM.CMSIS.5.6.0.CMSISJjDSP.sevirity0=none
ARM.CMSIS.5.6.0.CMSISJjDSP.variant0=Source
ARM.CMSIS.5.6.0.CMSISJjDSP_apiSize=34
ARM.CMSIS.5.6.0.CMSISJjDSP_bundle=CMSIS
ARM.CMSIS.5.6.0.CMSISJjDSP_class=CMSIS
ARM.CMSIS.5.6.0.CMSISJjDSP_name=CMSIS
ARM.CMSIS.5.6.0.CMSISJjDSP_size=1
ARM.CMSIS.5.6.0.CMSISJjDSP_vendor=ARM
ARM.CMSIS.5.6.0.CMSISJjDSP_version=5.6.0
ARM.CMSIS.5.6.0.CMSISJjNNOoLib=true
ARM.CMSIS.5.6.0.CMSISJjNNOoLib.apiComponent0=Device\:IRQ Controller
ARM.CMSIS.5.6.0.CMSISJjNNOoLib.apiComponent1=Device\:OS Tick
ARM.CMSIS.5.6.0.CMSISJjNNOoLib.apiComponent10=CMSIS Driver\:SAI
ARM.CMSIS.5.6.0.CMSISJjNNOoLib.apiComponent11=CMSIS Driver\:I2C
ARM.CMSIS.5.6.0.CMSISJjNNOoLib.apiComponent12=CMSIS Driver\:I2C
ARM.CMSIS.5.6.0.CMSISJjNNOoLib.apiComponent13=CMSIS Driver\:CAN
ARM.CMSIS.5.6.0.CMSISJjNNOoLib.apiComponent14=CMSIS Driver\:CAN
ARM.CMSIS.5.6.0.CMSISJjNNOoLib.apiComponent15=CMSIS Driver\:Flash
ARM.CMSIS.5.6.0.CMSISJjNNOoLib.apiComponent16=CMSIS Driver\:Flash
ARM.CMSIS.5.6.0.CMSISJjNNOoLib.apiComponent17=CMSIS Driver\:MCI
ARM.CMSIS.5.6.0.CMSISJjNNOoLib.apiComponent18=CMSIS Driver\:MCI
ARM.CMSIS.5.6.0.CMSISJjNNOoLib.apiComponent19=CMSIS Driver\:NAND
ARM.CMSIS.5.6.0.CMSISJjNNOoLib.apiComponent2=CMSIS\:RTOS
ARM.CMSIS.5.6.0.CMSISJjNNOoLib.apiComponent20=CMSIS Driver\:NAND
ARM.CMSIS.5.6.0.CMSISJjNNOoLib.apiComponent21=CMSIS Driver\:Ethernet
ARM.CMSIS.5.6.0.CMSISJjNNOoLib.apiComponent22=CMSIS Driver\:Ethernet
ARM.CMSIS.5.6.0.CMSISJjNNOoLib.apiComponent23=CMSIS Driver\:Ethernet
ARM.CMSIS.5.6.0.CMSISJjNNOoLib.apiComponent24=CMSIS Driver\:Ethernet MAC
ARM.CMSIS.5.6.0.CMSISJjNNOoLib.apiComponent25=CMSIS Driver\:Ethernet MAC
ARM.CMSIS.5.6.0.CMSISJjNNOoLib.apiComponent26=CMSIS Driver\:Ethernet PHY
ARM.CMSIS.5.6.0.CMSISJjNNOoLib.apiComponent27=CMSIS Driver\:Ethernet PHY
ARM.CMSIS.5.6.0.CMSISJjNNOoLib.apiComponent28=CMSIS Driver\:USB Device
ARM.CMSIS.5.6.0.CMSISJjNNOoLib.apiComponent29=CMSIS Driver\:USB Device
ARM.CMSIS.5.6.0.CMSISJjNNOoLib.apiComponent3=CMSIS\:RTOS2
ARM.CMSIS.5.6.0.CMSISJjNNOoLib.apiComponent30=CMSIS Driver\:USB Host
ARM.CMSIS.5.6.0.CMSISJjNNOoLib.apiComponent31=CMSIS Driver\:USB Host
ARM.CMSIS.5.6.0.CMSISJjNNOoLib.apiComponent32=CMSIS Driver\:WiFi
ARM.CMSIS.5.6.0.CMSISJjNNOoLib.apiComponent33=CMSIS Driver\:WiFi
ARM.CMSIS.5.6.0.CMSISJjNNOoLib.apiComponent4=CMSIS\:RTOS2
ARM.CMSIS.5.6.0.CMSISJjNNOoLib.apiComponent5=CMSIS Driver\:USART
ARM.CMSIS.5.6.0.CMSISJjNNOoLib.apiComponent6=CMSIS Driver\:USART
ARM.CMSIS.5.6.0.CMSISJjNNOoLib.apiComponent7=CMSIS Driver\:SPI
ARM.CMSIS.5.6.0.CMSISJjNNOoLib.apiComponent8=CMSIS Driver\:SPI
ARM.CMSIS.5.6.0.CMSISJjNNOoLib.apiComponent9=CMSIS Driver\:SAI
ARM.CMSIS.5.6.0.CMSISJjNNOoLib.apiDoc0=CMSIS/Core_A/Include/irq_ctrl.h
ARM.CMSIS.5.6.0.CMSISJjNNOoLib.apiDoc1=CMSIS/RTOS2/Include/os_tick.h
ARM.CMSIS.5.6.0.CMSISJjNNOoLib.apiDoc10=CMSIS/Driver/Include/Driver_SAI.h
ARM.CMSIS.5.6.0.CMSISJjNNOoLib.apiDoc11=CMSIS/Documentation/Driver/html/group__i2c__interface__gr.html
ARM.CMSIS.5.6.0.CMSISJjNNOoLib.apiDoc12=CMSIS/Driver/Include/Driver_I2C.h
ARM.CMSIS.5.6.0.CMSISJjNNOoLib.apiDoc13=CMSIS/Documentation/Driver/html/group__can__interface__gr.html
ARM.CMSIS.5.6.0.CMSISJjNNOoLib.apiDoc14=CMSIS/Driver/Include/Driver_CAN.h
ARM.CMSIS.5.6.0.CMSISJjNNOoLib.apiDoc15=CMSIS/Documentation/Driver/html/group__flash__interface__gr.html
ARM.CMSIS.5.6.0.CMSISJjNNOoLib.apiDoc16=CMSIS/Driver/Include/Driver_Flash.h
ARM.CMSIS.5.6.0.CMSISJjNNOoLib.apiDoc17=CMSIS/Documentation/Driver/html/group__mci__interface__gr.html
ARM.CMSIS.5.6.0.CMSISJjNNOoLib.apiDoc18=CMSIS/Driver/Include/Driver_MCI.h
ARM.CMSIS.5.6.0.CMSISJjNNOoLib.apiDoc19=CMSIS/Documentation/Driver/html/group__nand__interface__gr.html
ARM.CMSIS.5.6.0.CMSISJjNNOoLib.apiDoc2=CMSIS/Documentation/RTOS/html/index.html
ARM.CMSIS.5.6.0.CMSISJjNNOoLib.apiDoc20=CMSIS/Driver/Include/Driver_NAND.h
ARM.CMSIS.5.6.0.CMSISJjNNOoLib.apiDoc21=CMSIS/Documentation/Driver/html/group__eth__interface__gr.html
ARM.CMSIS.5.6.0.CMSISJjNNOoLib.apiDoc22=CMSIS/Driver/Include/Driver_ETH_MAC.h
ARM.CMSIS.5.6.0.CMSISJjNNOoLib.apiDoc23=CMSIS/Driver/Include/Driver_ETH_PHY.h
ARM.CMSIS.5.6.0.CMSISJjNNOoLib.apiDoc24=CMSIS/Documentation/Driver/html/group__eth__mac__interface__gr.html
ARM.CMSIS.5.6.0.CMSISJjNNOoLib.apiDoc25=CMSIS/Driver/Include/Driver_ETH_MAC.h
ARM.CMSIS.5.6.0.CMSISJjNNOoLib.apiDoc26=CMSIS/Documentation/Driver/html/group__eth__phy__interface__gr.html
ARM.CMSIS.5.6.0.CMSISJjNNOoLib.apiDoc27=CMSIS/Driver/Include/Driver_ETH_PHY.h
ARM.CMSIS.5.6.0.CMSISJjNNOoLib.apiDoc28=CMSIS/Documentation/Driver/html/group__usbd__interface__gr.html
ARM.CMSIS.5.6.0.CMSISJjNNOoLib.apiDoc29=CMSIS/Driver/Include/Driver_USBD.h
ARM.CMSIS.5.6.0.CMSISJjNNOoLib.apiDoc3=CMSIS/Documentation/RTOS2/html/index.html
ARM.CMSIS.5.6.0.CMSISJjNNOoLib.apiDoc30=CMSIS/Documentation/Driver/html/group__usbh__interface__gr.html
ARM.CMSIS.5.6.0.CMSISJjNNOoLib.apiDoc31=CMSIS/Driver/Include/Driver_USBH.h
ARM.CMSIS.5.6.0.CMSISJjNNOoLib.apiDoc32=CMSIS/Documentation/Driver/html/group__wifi__interface__gr.html
ARM.CMSIS.5.6.0.CMSISJjNNOoLib.apiDoc33=CMSIS/Driver/Include/Driver_WiFi.h
ARM.CMSIS.5.6.0.CMSISJjNNOoLib.apiDoc4=CMSIS/RTOS2/Include/cmsis_os2.h
ARM.CMSIS.5.6.0.CMSISJjNNOoLib.apiDoc5=CMSIS/Documentation/Driver/html/group__usart__interface__gr.html
ARM.CMSIS.5.6.0.CMSISJjNNOoLib.apiDoc6=CMSIS/Driver/Include/Driver_USART.h
ARM.CMSIS.5.6.0.CMSISJjNNOoLib.apiDoc7=CMSIS/Documentation/Driver/html/group__spi__interface__gr.html
ARM.CMSIS.5.6.0.CMSISJjNNOoLib.apiDoc8=CMSIS/Driver/Include/Driver_SPI.h
ARM.CMSIS.5.6.0.CMSISJjNNOoLib.apiDoc9=CMSIS/Documentation/Driver/html/group__sai__interface__gr.html
ARM.CMSIS.5.6.0.CMSISJjNNOoLib.cmp_version0=1.2.0
ARM.CMSIS.5.6.0.CMSISJjNNOoLib.component0=CMSIS
ARM.CMSIS.5.6.0.CMSISJjNNOoLib.componentDoc0=CMSIS/Documentation/NN/html/index.html
ARM.CMSIS.5.6.0.CMSISJjNNOoLib.description0=CMSIS-NN Neural Network Library
ARM.CMSIS.5.6.0.CMSISJjNNOoLib.diagnostic0=This component should operate correctly.
ARM.CMSIS.5.6.0.CMSISJjNNOoLib.group0=NN Lib
ARM.CMSIS.5.6.0.CMSISJjNNOoLib.paramName0=CMSISJjNNOoLib
ARM.CMSIS.5.6.0.CMSISJjNNOoLib.sevirity0=none
ARM.CMSIS.5.6.0.CMSISJjNNOoLib_apiSize=34
ARM.CMSIS.5.6.0.CMSISJjNNOoLib_bundle=CMSIS
ARM.CMSIS.5.6.0.CMSISJjNNOoLib_class=CMSIS
ARM.CMSIS.5.6.0.CMSISJjNNOoLib_name=CMSIS
ARM.CMSIS.5.6.0.CMSISJjNNOoLib_size=1
ARM.CMSIS.5.6.0.CMSISJjNNOoLib_vendor=ARM
ARM.CMSIS.5.6.0.CMSISJjNNOoLib_version=5.6.0
ARM.CMSIS.5.6.0.IPParameters=CMSISJjCORE,CMSISJjNNOoLib,CMSISJjDSP
ARM.CMSIS.5.6.0_CMSISJjCORE_RteComponentsize=0
ARM.CMSIS.5.6.0_CMSISJjDSP_RteComponentsize=0
ARM.CMSIS.5.6.0_CMSISJjNNOoLib_RteComponentsize=0
ARM.CMSIS.5.6.0_CMSISJjRTOS2_RteComponentsize=0
ARM.CMSIS.5.6.0_CMSISJjRTOS_RteComponentsize=0
ARM.CMSIS.5.6.0_CMSISOoDriverJjCAN_RteComponentsize=0
ARM.CMSIS.5.6.0_CMSISOoDriverJjEthernetOoMAC_RteComponentsize=0
ARM.CMSIS.5.6.0_CMSISOoDriverJjEthernetOoPHY_RteComponentsize=0
ARM.CMSIS.5.6.0_CMSISOoDriverJjEthernet_RteComponentsize=0
ARM.CMSIS.5.6.0_CMSISOoDriverJjFlash_RteComponentsize=0
ARM.CMSIS.5.6.0_CMSISOoDriverJjI2C_RteComponentsize=0
ARM.CMSIS.5.6.0_CMSISOoDriverJjMCI_RteComponentsize=0
ARM.CMSIS.5.6.0_CMSISOoDriverJjNAND_RteComponentsize=0
ARM.CMSIS.5.6.0_CMSISOoDriverJjSAI_RteComponentsize=0
ARM.CMSIS.5.6.0_CMSISOoDriverJjSPI_RteComponentsize=0
ARM.CMSIS.5.6.0_CMSISOoDriverJjUSART_RteComponentsize=0
ARM.CMSIS.5.6.0_CMSISOoDriverJjUSBOoDevice_RteComponentsize=0
ARM.CMSIS.5.6.0_CMSISOoDriverJjUSBOoHost_RteComponentsize=0
ARM.CMSIS.5.6.0_CMSISOoDriverJjWiFi_RteComponentsize=0
ARM.CMSIS.5.6.0_DeviceJjIRQOoController_RteComponentsize=0
ARM.CMSIS.5.6.0_DeviceJjOSOoTick_RteComponentsize=0
ARM.CMSIS.5.6.0_DeviceJjStartup_RteComponentsize=0
ARM.CMSIS.5.6.0_SwParameter=CMSISJjDSP\:Source;CMSISJjNNOoLib\:true;CMSISJjCORE\:true;
ARM.CMSIS.5.6.0_description=CMSIS (Cortex Microcontroller Software Interface Standard)
ARM.CMSIS.5.6.0_license=
DAC1.DAC_SampleAndHold-DAC_OUT1=DAC_SAMPLEANDHOLD_DISABLE
DAC1.DAC_Trigger-DAC_OUT1=DAC_TRIGGER_T5_TRGO
DAC1.IPParameters=DAC_SampleAndHold-DAC_OUT1,DAC_Trigger-DAC_OUT1
DFSDM1.Divider=13
DFSDM1.DmaMode_reg_FIL0=ENABLE
DFSDM1.DmaMode_reg_FIL1=ENABLE
DFSDM1.FilterOrder_CH3=DFSDM_CHANNEL_FASTSINC_ORDER
DFSDM1.Filter_injChannel6_FIL0=__NULL
DFSDM1.Filter_regChannel_FIL0=DFSDM_CHANNEL_5
DFSDM1.Filter_regChannel_FIL1=DFSDM_CHANNEL_6
DFSDM1.Filter_regChannel_FIL2=DFSDM_CHANNEL_2
DFSDM1.Filter_regChannel_FIL3=DFSDM_CHANNEL_3
DFSDM1.Fosr_FIL0=70
DFSDM1.Fosr_FIL1=70
DFSDM1.Fosr_FIL2=70
DFSDM1.Fosr_FIL3=70
DFSDM1.IPParameters=Filter_regChannel_FIL0,Selection,Divider,Filter_injChannel6_FIL0,Fosr_FIL0,Iosr_FIL0,SincOrder_FIL0,FilterOrder_CH3,Filter_regChannel_FIL1,SincOrder_FIL1,Fosr_FIL1,Filter_regChannel_FIL2,SincOrder_FIL2,Fosr_FIL2,Filter_regChannel_FIL3,Type_spi_CH6,Type_spi_CH3,Fosr_FIL3,SincOrder_FIL3,DmaMode_reg_FIL0,DmaMode_reg_FIL1,Trigger_reg_FIL1
DFSDM1.Iosr_FIL0=1
DFSDM1.Selection=DFSDM_CHANNEL_OUTPUT_CLOCK_SYSTEM
DFSDM1.SincOrder_FIL0=DFSDM_FILTER_SINC3_ORDER
DFSDM1.SincOrder_FIL1=DFSDM_FILTER_SINC3_ORDER
DFSDM1.SincOrder_FIL2=DFSDM_FILTER_SINC3_ORDER
DFSDM1.SincOrder_FIL3=DFSDM_FILTER_SINC3_ORDER
DFSDM1.Trigger_reg_FIL1=DFSDM_FILTER_SW_TRIGGER
DFSDM1.Type_spi_CH3=DFSDM_CHANNEL_SPI_FALLING
DFSDM1.Type_spi_CH6=DFSDM_CHANNEL_SPI_FALLING
Dma.ADC1.1.Direction=DMA_PERIPH_TO_MEMORY
Dma.ADC1.1.Instance=DMA1_Channel1
Dma.ADC1.1.MemDataAlignment=DMA_MDATAALIGN_HALFWORD
Dma.ADC1.1.MemInc=DMA_MINC_ENABLE
Dma.ADC1.1.Mode=DMA_CIRCULAR
Dma.ADC1.1.PeriphDataAlignment=DMA_PDATAALIGN_HALFWORD
Dma.ADC1.1.PeriphInc=DMA_PINC_DISABLE
Dma.ADC1.1.Priority=DMA_PRIORITY_LOW
Dma.ADC1.1.RequestParameters=Instance,Direction,PeriphInc,MemInc,PeriphDataAlignment,MemDataAlignment,Mode,Priority
Dma.DAC_CH1.2.Direction=DMA_MEMORY_TO_PERIPH
Dma.DAC_CH1.2.Instance=DMA1_Channel3
Dma.DAC_CH1.2.MemDataAlignment=DMA_MDATAALIGN_HALFWORD
Dma.DAC_CH1.2.MemInc=DMA_MINC_ENABLE
Dma.DAC_CH1.2.Mode=DMA_CIRCULAR
Dma.DAC_CH1.2.PeriphDataAlignment=DMA_PDATAALIGN_HALFWORD
Dma.DAC_CH1.2.PeriphInc=DMA_PINC_DISABLE
Dma.DAC_CH1.2.Priority=DMA_PRIORITY_LOW
Dma.DAC_CH1.2.RequestParameters=Instance,Direction,PeriphInc,MemInc,PeriphDataAlignment,MemDataAlignment,Mode,Priority
Dma.DFSDM1_FLT0.0.Direction=DMA_PERIPH_TO_MEMORY
Dma.DFSDM1_FLT0.0.Instance=DMA1_Channel4
Dma.DFSDM1_FLT0.0.MemDataAlignment=DMA_MDATAALIGN_WORD
Dma.DFSDM1_FLT0.0.MemInc=DMA_MINC_ENABLE
Dma.DFSDM1_FLT0.0.Mode=DMA_CIRCULAR
Dma.DFSDM1_FLT0.0.PeriphDataAlignment=DMA_PDATAALIGN_WORD
Dma.DFSDM1_FLT0.0.PeriphInc=DMA_PINC_DISABLE
Dma.DFSDM1_FLT0.0.Priority=DMA_PRIORITY_LOW
Dma.DFSDM1_FLT0.0.RequestParameters=Instance,Direction,PeriphInc,MemInc,PeriphDataAlignment,MemDataAlignment,Mode,Priority
Dma.DFSDM1_FLT1.3.Direction=DMA_PERIPH_TO_MEMORY
Dma.DFSDM1_FLT1.3.Instance=DMA1_Channel5
Dma.DFSDM1_FLT1.3.MemDataAlignment=DMA_MDATAALIGN_WORD
Dma.DFSDM1_FLT1.3.MemInc=DMA_MINC_ENABLE
Dma.DFSDM1_FLT1.3.Mode=DMA_CIRCULAR
Dma.DFSDM1_FLT1.3.PeriphDataAlignment=DMA_PDATAALIGN_WORD
Dma.DFSDM1_FLT1.3.PeriphInc=DMA_PINC_DISABLE
Dma.DFSDM1_FLT1.3.Priority=DMA_PRIORITY_LOW
Dma.DFSDM1_FLT1.3.RequestParameters=Instance,Direction,PeriphInc,MemInc,PeriphDataAlignment,MemDataAlignment,Mode,Priority
Dma.Request0=DFSDM1_FLT0
Dma.Request1=ADC1
Dma.Request2=DAC_CH1
Dma.Request3=DFSDM1_FLT1
Dma.RequestsNb=4
FATFS.BSP.number=1
FATFS.IPParameters=_USE_STRFUNC,_USE_FIND,_USE_EXPAND,_STRF_ENCODE
FATFS._STRF_ENCODE=0
FATFS._USE_EXPAND=1
FATFS._USE_FIND=1
FATFS._USE_STRFUNC=0
FATFS0.BSP.STBoard=false
FATFS0.BSP.api=Unknown
FATFS0.BSP.component=
FATFS0.BSP.condition=
FATFS0.BSP.i2caddr=0
FATFS0.BSP.i2creg=
FATFS0.BSP.instance=PA8
FATFS0.BSP.ip=GPIO
FATFS0.BSP.mode=Input
FATFS0.BSP.name=Detect_SDIO
FATFS0.BSP.semaphore=
FATFS0.BSP.solution=PA8
File.Version=6
I2C1.IPParameters=Timing
I2C1.Timing=0x00404C74
KeepUserPlacement=false
Mcu.Family=STM32L4
Mcu.IP0=ADC1
Mcu.IP1=DAC1
Mcu.IP10=TIM5
Mcu.IP11=TIM15
Mcu.IP12=USART2
Mcu.IP13=USB_DEVICE
Mcu.IP14=USB_OTG_FS
Mcu.IP2=DFSDM1
Mcu.IP3=DMA
Mcu.IP4=FATFS
Mcu.IP5=I2C1
Mcu.IP6=NVIC
Mcu.IP7=RCC
Mcu.IP8=SDMMC1
Mcu.IP9=SYS
Mcu.IPNb=15
Mcu.Name=STM32L496R(E-G)Tx
Mcu.Package=LQFP64
Mcu.Pin0=PC13
Mcu.Pin1=PC14-OSC32_IN (PC14)
Mcu.Pin10=PA1
Mcu.Pin11=PA2
Mcu.Pin12=PA3
Mcu.Pin13=PA4
Mcu.Pin14=PA5
Mcu.Pin15=PA6
Mcu.Pin16=PA7
Mcu.Pin17=PC4
Mcu.Pin18=PC5
Mcu.Pin19=PB0
Mcu.Pin2=PC15-OSC32_OUT (PC15)
Mcu.Pin20=PB1
Mcu.Pin21=PB2
Mcu.Pin22=PB10
Mcu.Pin23=PB11
Mcu.Pin24=PB12
Mcu.Pin25=PB13
Mcu.Pin26=PB14
Mcu.Pin27=PB15
Mcu.Pin28=PC6
Mcu.Pin29=PC7
Mcu.Pin3=PH0-OSC_IN (PH0)
Mcu.Pin30=PC8
Mcu.Pin31=PC9
Mcu.Pin32=PA8
Mcu.Pin33=PA9
Mcu.Pin34=PA10
Mcu.Pin35=PA11
Mcu.Pin36=PA12
Mcu.Pin37=PA13 (JTMS/SWDIO)
Mcu.Pin38=PA14 (JTCK/SWCLK)
Mcu.Pin39=PC10
Mcu.Pin4=PH1-OSC_OUT (PH1)
Mcu.Pin40=PC11
Mcu.Pin41=PC12
Mcu.Pin42=PD2
Mcu.Pin43=PB3 (JTDO/TRACESWO)
Mcu.Pin44=PB4 (NJTRST)
Mcu.Pin45=PB5
Mcu.Pin46=PB6
Mcu.Pin47=PB7
Mcu.Pin48=PB8
Mcu.Pin49=PB9
Mcu.Pin5=PC0
Mcu.Pin50=VP_ADC1_TempSens_Input
Mcu.Pin51=VP_ADC1_Vref_Input
Mcu.Pin52=VP_ADC1_Vbat_Input
Mcu.Pin53=VP_FATFS_VS_SDIO
Mcu.Pin54=VP_SYS_VS_Systick
Mcu.Pin55=VP_TIM5_VS_ClockSourceINT
Mcu.Pin56=VP_TIM15_VS_ClockSourceINT
Mcu.Pin57=VP_USB_DEVICE_VS_USB_DEVICE_CDC_FS
Mcu.Pin6=PC1
Mcu.Pin7=PC2
Mcu.Pin8=PC3
Mcu.Pin9=PA0
Mcu.PinsNb=58
Mcu.ThirdParty0=ARM.CMSIS.5.6.0
Mcu.ThirdPartyNb=1
Mcu.UserConstants=
Mcu.UserName=STM32L496RETx
MxCube.Version=5.4.0
MxDb.Version=DB.5.0.40
NVIC.ADC1_2_IRQn=true\:0\:0\:false\:false\:true\:true\:true
NVIC.BusFault_IRQn=true\:0\:0\:false\:false\:true\:false\:false
NVIC.DFSDM1_FLT0_IRQn=true\:0\:0\:false\:false\:true\:true\:true
NVIC.DFSDM1_FLT1_IRQn=true\:0\:0\:false\:false\:true\:true\:true
NVIC.DFSDM1_FLT2_IRQn=true\:0\:0\:false\:false\:true\:true\:true
NVIC.DFSDM1_FLT3_IRQn=true\:0\:0\:false\:false\:true\:true\:true
NVIC.DMA1_Channel1_IRQn=true\:0\:0\:false\:false\:true\:false\:true
NVIC.DMA1_Channel3_IRQn=true\:0\:0\:false\:false\:true\:false\:true
NVIC.DMA1_Channel4_IRQn=true\:0\:0\:false\:false\:true\:false\:true
NVIC.DMA1_Channel5_IRQn=true\:0\:0\:false\:false\:true\:false\:true
NVIC.DebugMonitor_IRQn=true\:0\:0\:false\:false\:true\:false\:false
NVIC.ForceEnableDMAVector=true
NVIC.HardFault_IRQn=true\:0\:0\:false\:false\:true\:false\:false
NVIC.MemoryManagement_IRQn=true\:0\:0\:false\:false\:true\:false\:false
NVIC.NonMaskableInt_IRQn=true\:0\:0\:false\:false\:true\:false\:false
NVIC.OTG_FS_IRQn=true\:0\:0\:false\:false\:true\:false\:true
NVIC.PendSV_IRQn=true\:0\:0\:false\:false\:true\:false\:false
NVIC.PriorityGroup=NVIC_PRIORITYGROUP_4
NVIC.SDMMC1_IRQn=true\:0\:0\:false\:false\:true\:true\:true
NVIC.SVCall_IRQn=true\:0\:0\:false\:false\:true\:false\:false
NVIC.SysTick_IRQn=true\:0\:0\:false\:false\:false\:false\:false
NVIC.TIM6_DAC_IRQn=true\:0\:0\:false\:false\:true\:true\:true
NVIC.USART2_IRQn=true\:0\:0\:false\:false\:true\:true\:false
NVIC.UsageFault_IRQn=true\:0\:0\:false\:false\:true\:false\:false
PA0.Locked=true
PA0.Mode=CTS_RTS
PA0.Signal=USART2_CTS
PA1.Locked=true
PA1.Mode=CTS_RTS
PA1.Signal=USART2_RTS
PA10.GPIOParameters=PinState,GPIO_Label
PA10.GPIO_Label=PWR_ON
PA10.Locked=true
PA10.PinState=GPIO_PIN_SET
PA10.Signal=GPIO_Output
PA11.Mode=Device_Only
PA11.Signal=USB_OTG_FS_DM
PA12.Mode=Device_Only
PA12.Signal=USB_OTG_FS_DP
PA13\ (JTMS/SWDIO).Mode=Trace_Asynchronous_SW
PA13\ (JTMS/SWDIO).Signal=SYS_JTMS-SWDIO
PA14\ (JTCK/SWCLK).Mode=Trace_Asynchronous_SW
PA14\ (JTCK/SWCLK).Signal=SYS_JTCK-SWCLK
PA2.Locked=true
PA2.Mode=Asynchronous
PA2.Signal=USART2_TX
PA3.Locked=true
PA3.Mode=Asynchronous
PA3.Signal=USART2_RX
PA4.GPIOParameters=GPIO_Label
PA4.GPIO_Label=X_4_ADC_DAC
PA4.Locked=true
PA4.Signal=SharedAnalog_PA4
PA5.Locked=true
PA5.Signal=SPI1_SCK
PA6.Locked=true
PA6.Signal=SPI1_MISO
PA7.Locked=true
PA7.Signal=SPI1_MOSI
PA8.GPIOParameters=GPIO_PuPd,GPIO_Label
PA8.GPIO_Label=SD_DETECT
PA8.GPIO_PuPd=GPIO_PULLUP
PA8.Locked=true
PA8.Signal=GPIO_Input
PA9.GPIOParameters=GPIO_Label
PA9.GPIO_Label=USB_SENSE
PA9.Locked=true
PA9.Mode=Activate_VBUS
PA9.Signal=USB_OTG_FS_VBUS
PB0.GPIOParameters=GPIO_Label
PB0.GPIO_Label=SPI1_NSS
PB0.Locked=true
PB0.Signal=GPIO_Analog
PB1.GPIOParameters=GPIO_Label
PB1.GPIO_Label=LED_2
PB1.Locked=true
PB1.Signal=GPIO_Output
PB10.GPIOParameters=GPIO_Label
PB10.GPIO_Label=LED_0
PB10.Locked=true
PB10.Signal=GPIO_Output
PB11.GPIOParameters=GPIO_Label
PB11.GPIO_Label=LED_1
PB11.Locked=true
PB11.Signal=GPIO_Output
PB12.GPIOParameters=GPIO_Label
PB12.GPIO_Label=X_SAIA2_FS_NSS
PB12.Locked=true
PB12.Signal=GPIO_Analog
PB13.GPIOParameters=GPIO_Label
PB13.GPIO_Label=X_SAIA2_SCK
PB13.Locked=true
PB13.Signal=GPIO_Analog
PB14.GPIOParameters=GPIO_Label
PB14.GPIO_Label=X_SAIA2_MCLK_MISO
PB14.Locked=true
PB14.Signal=GPIO_Analog
PB15.GPIOParameters=GPIO_Label
PB15.GPIO_Label=X_SAIA2_SD_MOSI
PB15.Locked=true
PB15.Signal=GPIO_Analog
PB2.GPIOParameters=GPIO_Label
PB2.GPIO_Label=RTC_SQW
PB2.Locked=true
PB2.Signal=GPXTI2
PB3\ (JTDO/TRACESWO).Mode=Trace_Asynchronous_SW
PB3\ (JTDO/TRACESWO).Signal=SYS_JTDO-SWO
PB4\ (NJTRST).GPIOParameters=GPIO_Label
PB4\ (NJTRST).GPIO_Label=BLUE_Connect
PB4\ (NJTRST).Locked=true
PB4\ (NJTRST).Signal=GPIO_Input
PB5.GPIOParameters=GPIO_Label
PB5.GPIO_Label=BLUE_RST\#
PB5.Locked=true
PB5.Signal=GPIO_Output
PB6.Mode=I2C
PB6.Signal=I2C1_SCL
PB7.Mode=I2C
PB7.Signal=I2C1_SDA
PB8.GPIOParameters=GPIO_Label
PB8.GPIO_Label=AUD_DAT
PB8.Locked=true
PB8.Signal=S_DATAIN6DFSDM1
PB9.GPIOParameters=GPIO_Label
PB9.GPIO_Label=PERIPH_EN
PB9.Locked=true
PB9.Signal=GPIO_Output
PC0.GPIOParameters=GPIO_Label
PC0.GPIO_Label=X_0_ADC0
PC0.Locked=true
PC0.Signal=GPIO_Analog
PC1.GPIOParameters=GPIO_Label
PC1.GPIO_Label=X_1_ADC1
PC1.Locked=true
PC1.Signal=SharedAnalog_PC1
PC10.GPIOParameters=GPIO_PuPd
PC10.GPIO_PuPd=GPIO_PULLUP
PC10.Mode=SD_4_bits_Wide_bus
PC10.Signal=SDMMC1_D2
PC11.GPIOParameters=GPIO_PuPd
PC11.GPIO_PuPd=GPIO_PULLUP
PC11.Mode=SD_4_bits_Wide_bus
PC11.Signal=SDMMC1_D3
PC12.GPIOParameters=GPIO_PuPd
PC12.GPIO_PuPd=GPIO_PULLDOWN
PC12.Mode=SD_4_bits_Wide_bus
PC12.Signal=SDMMC1_CK
PC13.GPIOParameters=GPIO_Label
PC13.GPIO_Label=MOTION_INT
PC13.Locked=true
PC13.Signal=GPIO_Input
PC14-OSC32_IN\ (PC14).Locked=true
PC14-OSC32_IN\ (PC14).Mode=LSE-External-Oscillator
PC14-OSC32_IN\ (PC14).Signal=RCC_OSC32_IN
PC15-OSC32_OUT\ (PC15).Locked=true
PC15-OSC32_OUT\ (PC15).Mode=LSE-External-Oscillator
PC15-OSC32_OUT\ (PC15).Signal=RCC_OSC32_OUT
PC2.GPIOParameters=GPIO_Label
PC2.GPIO_Label=X_AUD_CLK
PC2.Locked=true
PC2.Signal=S_CKOUTDFSDM1
PC3.GPIOParameters=GPIO_Label
PC3.GPIO_Label=X_2_ADC2
PC3.Locked=true
PC3.Signal=SharedAnalog_PC3
PC4.GPIOParameters=GPIO_Label
PC4.GPIO_Label=X_3_ADC3
PC4.Locked=true
PC4.Signal=GPIO_Analog
PC5.GPIOParameters=GPIO_PuPd,GPIO_Label
PC5.GPIO_Label=PWR_PBSTAT
PC5.GPIO_PuPd=GPIO_PULLUP
PC5.Locked=true
PC5.Signal=GPIO_Input
PC6.GPIOParameters=GPIO_Label
PC6.GPIO_Label=X_5
PC6.Locked=true
PC6.Signal=GPIO_Analog
PC7.GPIOParameters=GPIO_Label
PC7.GPIO_Label=X_AUD_DAT
PC7.Locked=true
PC7.Signal=S_DATAIN3DFSDM1
PC8.GPIOParameters=GPIO_PuPd
PC8.GPIO_PuPd=GPIO_PULLUP
PC8.Mode=SD_4_bits_Wide_bus
PC8.Signal=SDMMC1_D0
PC9.GPIOParameters=GPIO_PuPd
PC9.GPIO_PuPd=GPIO_PULLUP
PC9.Locked=true
PC9.Mode=SD_4_bits_Wide_bus
PC9.Signal=SDMMC1_D1
PCC.Checker=true
PCC.Line=STM32L4x6
PCC.MCU=STM32L496R(E-G)Tx
PCC.PartNumber=STM32L496RETx
PCC.Seq0=0
PCC.Series=STM32L4
PCC.Temperature=25
PCC.Vdd=3.0
PD2.GPIOParameters=GPIO_PuPd
PD2.GPIO_PuPd=GPIO_PULLUP
PD2.Mode=SD_4_bits_Wide_bus
PD2.Signal=SDMMC1_CMD
PH0-OSC_IN\ (PH0).Locked=true
PH0-OSC_IN\ (PH0).Mode=HSE-External-Oscillator
PH0-OSC_IN\ (PH0).Signal=RCC_OSC_IN
PH1-OSC_OUT\ (PH1).Locked=true
PH1-OSC_OUT\ (PH1).Mode=HSE-External-Oscillator
PH1-OSC_OUT\ (PH1).Signal=RCC_OSC_OUT
PinOutPanel.RotationAngle=0
ProjectManager.AskForMigrate=true
ProjectManager.BackupPrevious=true
ProjectManager.CompilerOptimize=6
ProjectManager.ComputerToolchain=false
ProjectManager.CoupleFile=true
ProjectManager.CustomerFirmwarePackage=
ProjectManager.DefaultFWLocation=true
ProjectManager.DeletePrevious=true
ProjectManager.DeviceId=STM32L496RETx
ProjectManager.FirmwarePackage=STM32Cube FW_L4 V1.14.0
ProjectManager.FreePins=true
ProjectManager.HalAssertFull=false
ProjectManager.HeapSize=0x200
ProjectManager.KeepUserCode=true
ProjectManager.LastFirmware=true
ProjectManager.LibraryCopy=1
ProjectManager.MainLocation=Core/Src
ProjectManager.NoMain=false
ProjectManager.PreviousToolchain=SW4STM32
ProjectManager.ProjectBuild=false
ProjectManager.ProjectFileName=firmware-v4.ioc
ProjectManager.ProjectName=firmware-v4
ProjectManager.StackSize=0x400
ProjectManager.TargetToolchain=SW4STM32
ProjectManager.ToolChainLocation=
ProjectManager.UnderRoot=true
ProjectManager.functionlistsort=1-MX_GPIO_Init-GPIO-false-HAL-true,2-SystemClock_Config-RCC-false-HAL-false,3-MX_I2C1_Init-I2C1-false-HAL-true,4-MX_USB_DEVICE_Init-USB_DEVICE-false-HAL-false,5-MX_USART2_UART_Init-USART2-false-LL-true,6-MX_SDMMC1_SD_Init-SDMMC1-false-HAL-true,7-MX_FATFS_Init-FATFS-false-HAL-false,8-MX_DFSDM1_Init-DFSDM1-false-HAL-true,9-MX_DMA_Init-DMA-false-HAL-true,10-MX_ADC1_Init-ADC1-false-HAL-true,11-MX_TIM15_Init-TIM15-true-LL-true,12-MX_DAC1_Init-DAC1-false-HAL-true,13-MX_TIM5_Init-TIM5-false-LL-true
RCC.ADCFreq_Value=96000000
RCC.AHBFreq_Value=20000000
RCC.APB1Freq_Value=20000000
RCC.APB1TimFreq_Value=20000000
RCC.APB2Freq_Value=20000000
RCC.APB2TimFreq_Value=20000000
RCC.CortexFreq_Value=20000000
RCC.DFSDMCLockSelection=RCC_DFSDM1CLKSOURCE_SYSCLK
RCC.DFSDMFreq_Value=20000000
RCC.FCLKCortexFreq_Value=20000000
RCC.FamilyName=M
RCC.HCLKFreq_Value=20000000
RCC.HSE_VALUE=16000000
RCC.HSI48_VALUE=48000000
RCC.HSI_VALUE=16000000
RCC.I2C1Freq_Value=20000000
RCC.I2C2Freq_Value=20000000
RCC.I2C3Freq_Value=20000000
RCC.I2C4Freq_Value=20000000
RCC.IPParameters=ADCFreq_Value,AHBFreq_Value,APB1Freq_Value,APB1TimFreq_Value,APB2Freq_Value,APB2TimFreq_Value,CortexFreq_Value,DFSDMCLockSelection,DFSDMFreq_Value,FCLKCortexFreq_Value,FamilyName,HCLKFreq_Value,HSE_VALUE,HSI48_VALUE,HSI_VALUE,I2C1Freq_Value,I2C2Freq_Value,I2C3Freq_Value,I2C4Freq_Value,LPTIM1Freq_Value,LPTIM2Freq_Value,LPUART1Freq_Value,LSCOPinFreq_Value,LSI_VALUE,MCO1PinFreq_Value,MSIClockRange,MSI_VALUE,PLLN,PLLPoutputFreq_Value,PLLQoutputFreq_Value,PLLR,PLLRCLKFreq_Value,PLLSAI1N,PLLSAI1PoutputFreq_Value,PLLSAI1Q,PLLSAI1QoutputFreq_Value,PLLSAI1RoutputFreq_Value,PLLSAI2N,PLLSAI2P,PLLSAI2PoutputFreq_Value,PLLSAI2RoutputFreq_Value,PLLSourceVirtual,PWRFreq_Value,RNGFreq_Value,SAI1CLockSelection,SAI1Freq_Value,SAI2Freq_Value,SDMMCFreq_Value,SWPMI1Freq_Value,SYSCLKFreq_VALUE,SYSCLKSource,UART4Freq_Value,UART5Freq_Value,USART1Freq_Value,USART2Freq_Value,USART3Freq_Value,USBFreq_Value,VCOInputFreq_Value,VCOOutputFreq_Value,VCOSAI1OutputFreq_Value,VCOSAI2OutputFreq_Value
RCC.LPTIM1Freq_Value=20000000
RCC.LPTIM2Freq_Value=20000000
RCC.LPUART1Freq_Value=20000000
RCC.LSCOPinFreq_Value=32000
RCC.LSI_VALUE=32000
RCC.MCO1PinFreq_Value=20000000
RCC.MSIClockRange=RCC_MSIRANGE_11
RCC.MSI_VALUE=48000000
RCC.PLLN=10
RCC.PLLPoutputFreq_Value=80000000
RCC.PLLQoutputFreq_Value=80000000
RCC.PLLR=RCC_PLLR_DIV8
RCC.PLLRCLKFreq_Value=20000000
RCC.PLLSAI1N=12
RCC.PLLSAI1PoutputFreq_Value=96000000
RCC.PLLSAI1Q=RCC_PLLQ_DIV4
RCC.PLLSAI1QoutputFreq_Value=48000000
RCC.PLLSAI1RoutputFreq_Value=96000000
RCC.PLLSAI2N=10
RCC.PLLSAI2P=RCC_PLLP_DIV6
RCC.PLLSAI2PoutputFreq_Value=26666666.666666668
RCC.PLLSAI2RoutputFreq_Value=80000000
RCC.PLLSourceVirtual=RCC_PLLSOURCE_HSE
RCC.PWRFreq_Value=20000000
RCC.RNGFreq_Value=48000000
RCC.SAI1CLockSelection=RCC_SAI1CLKSOURCE_PLLSAI2
RCC.SAI1Freq_Value=26666666.666666668
RCC.SAI2Freq_Value=96000000
RCC.SDMMCFreq_Value=48000000
RCC.SWPMI1Freq_Value=20000000
RCC.SYSCLKFreq_VALUE=20000000
RCC.SYSCLKSource=RCC_SYSCLKSOURCE_PLLCLK
RCC.UART4Freq_Value=20000000
RCC.UART5Freq_Value=20000000
RCC.USART1Freq_Value=20000000
RCC.USART2Freq_Value=20000000
RCC.USART3Freq_Value=20000000
RCC.USBFreq_Value=48000000
RCC.VCOInputFreq_Value=16000000
RCC.VCOOutputFreq_Value=160000000
RCC.VCOSAI1OutputFreq_Value=192000000
RCC.VCOSAI2OutputFreq_Value=160000000
SDMMC1.ClockDiv=4
SDMMC1.HardwareFlowControl=SDMMC_HARDWARE_FLOW_CONTROL_ENABLE
SDMMC1.IPParameters=ClockDiv,HardwareFlowControl
SH.GPXTI2.0=GPIO_EXTI2
SH.GPXTI2.ConfNb=1
SH.S_CKOUTDFSDM1.0=DFSDM1_CKOUT,PDM_SPI_input_from_ch6_and_internal_clock
SH.S_CKOUTDFSDM1.1=DFSDM1_CKOUT,CKOUT
SH.S_CKOUTDFSDM1.2=DFSDM1_CKOUT,PDM_SPI_input_from_ch3_and_internal_clock
SH.S_CKOUTDFSDM1.3=DFSDM1_CKOUT,PDM_SPI_Input_from_ch23_and_Internal_Clock
SH.S_CKOUTDFSDM1.4=DFSDM1_CKOUT,PDM_SPI_Input_from_ch56_and_Internal_Clock
SH.S_CKOUTDFSDM1.ConfNb=5
SH.S_DATAIN3DFSDM1.0=DFSDM1_DATIN3,PDM_SPI_input_from_ch3_and_internal_clock
SH.S_DATAIN3DFSDM1.1=DFSDM1_DATIN3,PDM_SPI_Input_from_ch23_and_Internal_Clock
SH.S_DATAIN3DFSDM1.ConfNb=2
SH.S_DATAIN6DFSDM1.0=DFSDM1_DATIN6,PDM_SPI_input_from_ch6_and_internal_clock
SH.S_DATAIN6DFSDM1.1=DFSDM1_DATIN6,PDM_SPI_Input_from_ch56_and_Internal_Clock
SH.S_DATAIN6DFSDM1.ConfNb=2
SH.SharedAnalog_PA4.0=GPIO_Analog
SH.SharedAnalog_PA4.1=DAC1_OUT1,DAC_OUT1
SH.SharedAnalog_PA4.ConfNb=2
SH.SharedAnalog_PC1.0=GPIO_Analog
SH.SharedAnalog_PC1.1=ADC1_IN2,IN2-Single-Ended
SH.SharedAnalog_PC1.ConfNb=2
SH.SharedAnalog_PC3.0=GPIO_Analog
SH.SharedAnalog_PC3.1=ADC1_IN4,IN4-Single-Ended
SH.SharedAnalog_PC3.ConfNb=2
TIM5.IPParameters=Prescaler,Period
TIM5.Period=1000
TIM5.Prescaler=20000
USART2.IPParameters=VirtualMode-Asynchronous
USART2.VirtualMode-Asynchronous=VM_ASYNC
USB_DEVICE.CLASS_NAME_FS=CDC
USB_DEVICE.IPParameters=VirtualMode,VirtualModeFS,CLASS_NAME_FS
USB_DEVICE.VirtualMode=Cdc
USB_DEVICE.VirtualModeFS=Cdc_FS
USB_OTG_FS.IPParameters=VirtualMode,battery_charging_enable
USB_OTG_FS.VirtualMode=Device_Only
USB_OTG_FS.battery_charging_enable=DISABLE
VP_ADC1_TempSens_Input.Mode=IN-TempSens
VP_ADC1_TempSens_Input.Signal=ADC1_TempSens_Input
VP_ADC1_Vbat_Input.Mode=IN-Vbat
VP_ADC1_Vbat_Input.Signal=ADC1_Vbat_Input
VP_ADC1_Vref_Input.Mode=IN-Vrefint
VP_ADC1_Vref_Input.Signal=ADC1_Vref_Input
VP_FATFS_VS_SDIO.Mode=SDIO
VP_FATFS_VS_SDIO.Signal=FATFS_VS_SDIO
VP_SYS_VS_Systick.Mode=SysTick
VP_SYS_VS_Systick.Signal=SYS_VS_Systick
VP_TIM15_VS_ClockSourceINT.Mode=Internal
VP_TIM15_VS_ClockSourceINT.Signal=TIM15_VS_ClockSourceINT
VP_TIM5_VS_ClockSourceINT.Mode=Internal
VP_TIM5_VS_ClockSourceINT.Signal=TIM5_VS_ClockSourceINT
VP_USB_DEVICE_VS_USB_DEVICE_CDC_FS.Mode=CDC_FS
VP_USB_DEVICE_VS_USB_DEVICE_CDC_FS.Signal=USB_DEVICE_VS_USB_DEVICE_CDC_FS
board=custom
